// !$*UTF8*$!
{
	archiveVersion = 1;
	classes = {
	};
	objectVersion = 56;
	objects = {

/* Begin PBXBuildFile section */
		F506F8F429B217F500B728B4 /* CloudNegativeApp.swift in Sources */ = {isa = PBXBuildFile; fileRef = F506F8F329B217F500B728B4 /* CloudNegativeApp.swift */; };
		F506F8F629B217F500B728B4 /* ContentView.swift in Sources */ = {isa = PBXBuildFile; fileRef = F506F8F529B217F500B728B4 /* ContentView.swift */; };
		F506F8F829B217F600B728B4 /* Assets.xcassets in Resources */ = {isa = PBXBuildFile; fileRef = F506F8F729B217F600B728B4 /* Assets.xcassets */; };
		F506F8FB29B217F600B728B4 /* Preview Assets.xcassets in Resources */ = {isa = PBXBuildFile; fileRef = F506F8FA29B217F600B728B4 /* Preview Assets.xcassets */; };
		F506F90529B217F700B728B4 /* CloudNegativeTests.swift in Sources */ = {isa = PBXBuildFile; fileRef = F506F90429B217F700B728B4 /* CloudNegativeTests.swift */; };
		F506F90F29B217F700B728B4 /* CloudNegativeUITests.swift in Sources */ = {isa = PBXBuildFile; fileRef = F506F90E29B217F700B728B4 /* CloudNegativeUITests.swift */; };
		F506F91129B217F700B728B4 /* CloudNegativeUITestsLaunchTests.swift in Sources */ = {isa = PBXBuildFile; fileRef = F506F91029B217F700B728B4 /* CloudNegativeUITestsLaunchTests.swift */; };
		F53396E429BCD30B00017FA5 /* Cloud.xcdatamodeld in Sources */ = {isa = PBXBuildFile; fileRef = F53396E229BCD30B00017FA5 /* Cloud.xcdatamodeld */; };
		F53396EB29BCD47800017FA5 /* Cloud+CoreDataClass.swift in Sources */ = {isa = PBXBuildFile; fileRef = F53396E929BCD47800017FA5 /* Cloud+CoreDataClass.swift */; };
		F53396EC29BCD47800017FA5 /* Cloud+CoreDataProperties.swift in Sources */ = {isa = PBXBuildFile; fileRef = F53396EA29BCD47800017FA5 /* Cloud+CoreDataProperties.swift */; };
		F5A9A7C92A4333A00006A6B8 /* CloudView.swift in Sources */ = {isa = PBXBuildFile; fileRef = F5A9A7C82A4333A00006A6B8 /* CloudView.swift */; };
		F5D0FB6229B74FCF00F65C37 /* CloudViewModel.swift in Sources */ = {isa = PBXBuildFile; fileRef = F5D0FB6129B74FCF00F65C37 /* CloudViewModel.swift */; };
/* End PBXBuildFile section */

/* Begin PBXContainerItemProxy section */
		F506F90129B217F700B728B4 /* PBXContainerItemProxy */ = {
			isa = PBXContainerItemProxy;
			containerPortal = F506F8E829B217F500B728B4 /* Project object */;
			proxyType = 1;
			remoteGlobalIDString = F506F8EF29B217F500B728B4;
			remoteInfo = CloudNegative;
		};
		F506F90B29B217F700B728B4 /* PBXContainerItemProxy */ = {
			isa = PBXContainerItemProxy;
			containerPortal = F506F8E829B217F500B728B4 /* Project object */;
			proxyType = 1;
			remoteGlobalIDString = F506F8EF29B217F500B728B4;
			remoteInfo = CloudNegative;
		};
/* End PBXContainerItemProxy section */

/* Begin PBXFileReference section */
		F506F8F029B217F500B728B4 /* CloudNegative.app */ = {isa = PBXFileReference; explicitFileType = wrapper.application; includeInIndex = 0; path = CloudNegative.app; sourceTree = BUILT_PRODUCTS_DIR; };
		F506F8F329B217F500B728B4 /* CloudNegativeApp.swift */ = {isa = PBXFileReference; lastKnownFileType = sourcecode.swift; path = CloudNegativeApp.swift; sourceTree = "<group>"; };
		F506F8F529B217F500B728B4 /* ContentView.swift */ = {isa = PBXFileReference; lastKnownFileType = sourcecode.swift; path = ContentView.swift; sourceTree = "<group>"; };
		F506F8F729B217F600B728B4 /* Assets.xcassets */ = {isa = PBXFileReference; lastKnownFileType = folder.assetcatalog; path = Assets.xcassets; sourceTree = "<group>"; };
		F506F8FA29B217F600B728B4 /* Preview Assets.xcassets */ = {isa = PBXFileReference; lastKnownFileType = folder.assetcatalog; path = "Preview Assets.xcassets"; sourceTree = "<group>"; };
		F506F90029B217F700B728B4 /* CloudNegativeTests.xctest */ = {isa = PBXFileReference; explicitFileType = wrapper.cfbundle; includeInIndex = 0; path = CloudNegativeTests.xctest; sourceTree = BUILT_PRODUCTS_DIR; };
		F506F90429B217F700B728B4 /* CloudNegativeTests.swift */ = {isa = PBXFileReference; lastKnownFileType = sourcecode.swift; path = CloudNegativeTests.swift; sourceTree = "<group>"; };
		F506F90A29B217F700B728B4 /* CloudNegativeUITests.xctest */ = {isa = PBXFileReference; explicitFileType = wrapper.cfbundle; includeInIndex = 0; path = CloudNegativeUITests.xctest; sourceTree = BUILT_PRODUCTS_DIR; };
		F506F90E29B217F700B728B4 /* CloudNegativeUITests.swift */ = {isa = PBXFileReference; lastKnownFileType = sourcecode.swift; path = CloudNegativeUITests.swift; sourceTree = "<group>"; };
		F506F91029B217F700B728B4 /* CloudNegativeUITestsLaunchTests.swift */ = {isa = PBXFileReference; lastKnownFileType = sourcecode.swift; path = CloudNegativeUITestsLaunchTests.swift; sourceTree = "<group>"; };
		F53396E329BCD30B00017FA5 /* Model.xcdatamodel */ = {isa = PBXFileReference; lastKnownFileType = wrapper.xcdatamodel; path = Model.xcdatamodel; sourceTree = "<group>"; };
		F53396E929BCD47800017FA5 /* Cloud+CoreDataClass.swift */ = {isa = PBXFileReference; lastKnownFileType = sourcecode.swift; path = "Cloud+CoreDataClass.swift"; sourceTree = "<group>"; };
		F53396EA29BCD47800017FA5 /* Cloud+CoreDataProperties.swift */ = {isa = PBXFileReference; lastKnownFileType = sourcecode.swift; path = "Cloud+CoreDataProperties.swift"; sourceTree = "<group>"; };
		F5A9A7C82A4333A00006A6B8 /* CloudView.swift */ = {isa = PBXFileReference; lastKnownFileType = sourcecode.swift; path = CloudView.swift; sourceTree = "<group>"; };
		F5D0FB6129B74FCF00F65C37 /* CloudViewModel.swift */ = {isa = PBXFileReference; lastKnownFileType = sourcecode.swift; path = CloudViewModel.swift; sourceTree = "<group>"; };
/* End PBXFileReference section */

/* Begin PBXFrameworksBuildPhase section */
		F506F8ED29B217F500B728B4 /* Frameworks */ = {
			isa = PBXFrameworksBuildPhase;
			buildActionMask = 2147483647;
			files = (
			);
			runOnlyForDeploymentPostprocessing = 0;
		};
		F506F8FD29B217F700B728B4 /* Frameworks */ = {
			isa = PBXFrameworksBuildPhase;
			buildActionMask = 2147483647;
			files = (
			);
			runOnlyForDeploymentPostprocessing = 0;
		};
		F506F90729B217F700B728B4 /* Frameworks */ = {
			isa = PBXFrameworksBuildPhase;
			buildActionMask = 2147483647;
			files = (
			);
			runOnlyForDeploymentPostprocessing = 0;
		};
/* End PBXFrameworksBuildPhase section */

/* Begin PBXGroup section */
		F506F8E729B217F500B728B4 = {
			isa = PBXGroup;
			children = (
				F53396E929BCD47800017FA5 /* Cloud+CoreDataClass.swift */,
				F53396EA29BCD47800017FA5 /* Cloud+CoreDataProperties.swift */,
				F53396E229BCD30B00017FA5 /* Cloud.xcdatamodeld */,
				F506F8F229B217F500B728B4 /* CloudNegative */,
				F506F90329B217F700B728B4 /* CloudNegativeTests */,
				F506F90D29B217F700B728B4 /* CloudNegativeUITests */,
				F506F8F129B217F500B728B4 /* Products */,
			);
			sourceTree = "<group>";
		};
		F506F8F129B217F500B728B4 /* Products */ = {
			isa = PBXGroup;
			children = (
				F506F8F029B217F500B728B4 /* CloudNegative.app */,
				F506F90029B217F700B728B4 /* CloudNegativeTests.xctest */,
				F506F90A29B217F700B728B4 /* CloudNegativeUITests.xctest */,
			);
			name = Products;
			sourceTree = "<group>";
		};
		F506F8F229B217F500B728B4 /* CloudNegative */ = {
			isa = PBXGroup;
			children = (
				F506F8F329B217F500B728B4 /* CloudNegativeApp.swift */,
				F506F8F529B217F500B728B4 /* ContentView.swift */,
				F5A9A7C82A4333A00006A6B8 /* CloudView.swift */,
				F5D0FB6129B74FCF00F65C37 /* CloudViewModel.swift */,
				F506F8F729B217F600B728B4 /* Assets.xcassets */,
				F506F8F929B217F600B728B4 /* Preview Content */,
			);
			path = CloudNegative;
			sourceTree = "<group>";
		};
		F506F8F929B217F600B728B4 /* Preview Content */ = {
			isa = PBXGroup;
			children = (
				F506F8FA29B217F600B728B4 /* Preview Assets.xcassets */,
			);
			path = "Preview Content";
			sourceTree = "<group>";
		};
		F506F90329B217F700B728B4 /* CloudNegativeTests */ = {
			isa = PBXGroup;
			children = (
				F506F90429B217F700B728B4 /* CloudNegativeTests.swift */,
			);
			path = CloudNegativeTests;
			sourceTree = "<group>";
		};
		F506F90D29B217F700B728B4 /* CloudNegativeUITests */ = {
			isa = PBXGroup;
			children = (
				F506F90E29B217F700B728B4 /* CloudNegativeUITests.swift */,
				F506F91029B217F700B728B4 /* CloudNegativeUITestsLaunchTests.swift */,
			);
			path = CloudNegativeUITests;
			sourceTree = "<group>";
		};
/* End PBXGroup section */

/* Begin PBXNativeTarget section */
		F506F8EF29B217F500B728B4 /* CloudNegative */ = {
			isa = PBXNativeTarget;
			buildConfigurationList = F506F91429B217F700B728B4 /* Build configuration list for PBXNativeTarget "CloudNegative" */;
			buildPhases = (
				F506F8EC29B217F500B728B4 /* Sources */,
				F506F8ED29B217F500B728B4 /* Frameworks */,
				F506F8EE29B217F500B728B4 /* Resources */,
			);
			buildRules = (
			);
			dependencies = (
			);
			name = CloudNegative;
			productName = CloudNegative;
			productReference = F506F8F029B217F500B728B4 /* CloudNegative.app */;
			productType = "com.apple.product-type.application";
		};
		F506F8FF29B217F700B728B4 /* CloudNegativeTests */ = {
			isa = PBXNativeTarget;
			buildConfigurationList = F506F91729B217F700B728B4 /* Build configuration list for PBXNativeTarget "CloudNegativeTests" */;
			buildPhases = (
				F506F8FC29B217F700B728B4 /* Sources */,
				F506F8FD29B217F700B728B4 /* Frameworks */,
				F506F8FE29B217F700B728B4 /* Resources */,
			);
			buildRules = (
			);
			dependencies = (
				F506F90229B217F700B728B4 /* PBXTargetDependency */,
			);
			name = CloudNegativeTests;
			productName = CloudNegativeTests;
			productReference = F506F90029B217F700B728B4 /* CloudNegativeTests.xctest */;
			productType = "com.apple.product-type.bundle.unit-test";
		};
		F506F90929B217F700B728B4 /* CloudNegativeUITests */ = {
			isa = PBXNativeTarget;
			buildConfigurationList = F506F91A29B217F700B728B4 /* Build configuration list for PBXNativeTarget "CloudNegativeUITests" */;
			buildPhases = (
				F506F90629B217F700B728B4 /* Sources */,
				F506F90729B217F700B728B4 /* Frameworks */,
				F506F90829B217F700B728B4 /* Resources */,
			);
			buildRules = (
			);
			dependencies = (
				F506F90C29B217F700B728B4 /* PBXTargetDependency */,
			);
			name = CloudNegativeUITests;
			productName = CloudNegativeUITests;
			productReference = F506F90A29B217F700B728B4 /* CloudNegativeUITests.xctest */;
			productType = "com.apple.product-type.bundle.ui-testing";
		};
/* End PBXNativeTarget section */

/* Begin PBXProject section */
		F506F8E829B217F500B728B4 /* Project object */ = {
			isa = PBXProject;
			attributes = {
				BuildIndependentTargetsInParallel = 1;
				LastSwiftUpdateCheck = 1420;
				LastUpgradeCheck = 1420;
				TargetAttributes = {
					F506F8EF29B217F500B728B4 = {
						CreatedOnToolsVersion = 14.2;
					};
					F506F8FF29B217F700B728B4 = {
						CreatedOnToolsVersion = 14.2;
						TestTargetID = F506F8EF29B217F500B728B4;
					};
					F506F90929B217F700B728B4 = {
						CreatedOnToolsVersion = 14.2;
						TestTargetID = F506F8EF29B217F500B728B4;
					};
				};
			};
			buildConfigurationList = F506F8EB29B217F500B728B4 /* Build configuration list for PBXProject "CloudNegative" */;
			compatibilityVersion = "Xcode 14.0";
			developmentRegion = en;
			hasScannedForEncodings = 0;
			knownRegions = (
				en,
				Base,
			);
			mainGroup = F506F8E729B217F500B728B4;
			productRefGroup = F506F8F129B217F500B728B4 /* Products */;
			projectDirPath = "";
			projectRoot = "";
			targets = (
				F506F8EF29B217F500B728B4 /* CloudNegative */,
				F506F8FF29B217F700B728B4 /* CloudNegativeTests */,
				F506F90929B217F700B728B4 /* CloudNegativeUITests */,
			);
		};
/* End PBXProject section */

/* Begin PBXResourcesBuildPhase section */
		F506F8EE29B217F500B728B4 /* Resources */ = {
			isa = PBXResourcesBuildPhase;
			buildActionMask = 2147483647;
			files = (
				F506F8FB29B217F600B728B4 /* Preview Assets.xcassets in Resources */,
				F506F8F829B217F600B728B4 /* Assets.xcassets in Resources */,
			);
			runOnlyForDeploymentPostprocessing = 0;
		};
		F506F8FE29B217F700B728B4 /* Resources */ = {
			isa = PBXResourcesBuildPhase;
			buildActionMask = 2147483647;
			files = (
			);
			runOnlyForDeploymentPostprocessing = 0;
		};
		F506F90829B217F700B728B4 /* Resources */ = {
			isa = PBXResourcesBuildPhase;
			buildActionMask = 2147483647;
			files = (
			);
			runOnlyForDeploymentPostprocessing = 0;
		};
/* End PBXResourcesBuildPhase section */

/* Begin PBXSourcesBuildPhase section */
		F506F8EC29B217F500B728B4 /* Sources */ = {
			isa = PBXSourcesBuildPhase;
			buildActionMask = 2147483647;
			files = (
				F5D0FB6229B74FCF00F65C37 /* CloudViewModel.swift in Sources */,
				F506F8F629B217F500B728B4 /* ContentView.swift in Sources */,
				F506F8F429B217F500B728B4 /* CloudNegativeApp.swift in Sources */,
				F53396E429BCD30B00017FA5 /* Cloud.xcdatamodeld in Sources */,
				F53396EB29BCD47800017FA5 /* Cloud+CoreDataClass.swift in Sources */,
				F5A9A7C92A4333A00006A6B8 /* CloudView.swift in Sources */,
				F53396EC29BCD47800017FA5 /* Cloud+CoreDataProperties.swift in Sources */,
			);
			runOnlyForDeploymentPostprocessing = 0;
		};
		F506F8FC29B217F700B728B4 /* Sources */ = {
			isa = PBXSourcesBuildPhase;
			buildActionMask = 2147483647;
			files = (
				F506F90529B217F700B728B4 /* CloudNegativeTests.swift in Sources */,
			);
			runOnlyForDeploymentPostprocessing = 0;
		};
		F506F90629B217F700B728B4 /* Sources */ = {
			isa = PBXSourcesBuildPhase;
			buildActionMask = 2147483647;
			files = (
				F506F90F29B217F700B728B4 /* CloudNegativeUITests.swift in Sources */,
				F506F91129B217F700B728B4 /* CloudNegativeUITestsLaunchTests.swift in Sources */,
			);
			runOnlyForDeploymentPostprocessing = 0;
		};
/* End PBXSourcesBuildPhase section */

/* Begin PBXTargetDependency section */
		F506F90229B217F700B728B4 /* PBXTargetDependency */ = {
			isa = PBXTargetDependency;
			target = F506F8EF29B217F500B728B4 /* CloudNegative */;
			targetProxy = F506F90129B217F700B728B4 /* PBXContainerItemProxy */;
		};
		F506F90C29B217F700B728B4 /* PBXTargetDependency */ = {
			isa = PBXTargetDependency;
			target = F506F8EF29B217F500B728B4 /* CloudNegative */;
			targetProxy = F506F90B29B217F700B728B4 /* PBXContainerItemProxy */;
		};
/* End PBXTargetDependency section */

/* Begin XCBuildConfiguration section */
		F506F91229B217F700B728B4 /* Debug */ = {
			isa = XCBuildConfiguration;
			buildSettings = {
				ALWAYS_SEARCH_USER_PATHS = NO;
				CLANG_ANALYZER_NONNULL = YES;
				CLANG_ANALYZER_NUMBER_OBJECT_CONVERSION = YES_AGGRESSIVE;
				CLANG_CXX_LANGUAGE_STANDARD = "gnu++20";
				CLANG_ENABLE_MODULES = YES;
				CLANG_ENABLE_OBJC_ARC = YES;
				CLANG_ENABLE_OBJC_WEAK = YES;
				CLANG_WARN_BLOCK_CAPTURE_AUTORELEASING = YES;
				CLANG_WARN_BOOL_CONVERSION = YES;
				CLANG_WARN_COMMA = YES;
				CLANG_WARN_CONSTANT_CONVERSION = YES;
				CLANG_WARN_DEPRECATED_OBJC_IMPLEMENTATIONS = YES;
				CLANG_WARN_DIRECT_OBJC_ISA_USAGE = YES_ERROR;
				CLANG_WARN_DOCUMENTATION_COMMENTS = YES;
				CLANG_WARN_EMPTY_BODY = YES;
				CLANG_WARN_ENUM_CONVERSION = YES;
				CLANG_WARN_INFINITE_RECURSION = YES;
				CLANG_WARN_INT_CONVERSION = YES;
				CLANG_WARN_NON_LITERAL_NULL_CONVERSION = YES;
				CLANG_WARN_OBJC_IMPLICIT_RETAIN_SELF = YES;
				CLANG_WARN_OBJC_LITERAL_CONVERSION = YES;
				CLANG_WARN_OBJC_ROOT_CLASS = YES_ERROR;
				CLANG_WARN_QUOTED_INCLUDE_IN_FRAMEWORK_HEADER = YES;
				CLANG_WARN_RANGE_LOOP_ANALYSIS = YES;
				CLANG_WARN_STRICT_PROTOTYPES = YES;
				CLANG_WARN_SUSPICIOUS_MOVE = YES;
				CLANG_WARN_UNGUARDED_AVAILABILITY = YES_AGGRESSIVE;
				CLANG_WARN_UNREACHABLE_CODE = YES;
				CLANG_WARN__DUPLICATE_METHOD_MATCH = YES;
				COPY_PHASE_STRIP = NO;
				DEBUG_INFORMATION_FORMAT = dwarf;
				ENABLE_STRICT_OBJC_MSGSEND = YES;
				ENABLE_TESTABILITY = YES;
				GCC_C_LANGUAGE_STANDARD = gnu11;
				GCC_DYNAMIC_NO_PIC = NO;
				GCC_NO_COMMON_BLOCKS = YES;
				GCC_OPTIMIZATION_LEVEL = 0;
				GCC_PREPROCESSOR_DEFINITIONS = (
					"DEBUG=1",
					"$(inherited)",
				);
				GCC_WARN_64_TO_32_BIT_CONVERSION = YES;
				GCC_WARN_ABOUT_RETURN_TYPE = YES_ERROR;
				GCC_WARN_UNDECLARED_SELECTOR = YES;
				GCC_WARN_UNINITIALIZED_AUTOS = YES_AGGRESSIVE;
				GCC_WARN_UNUSED_FUNCTION = YES;
				GCC_WARN_UNUSED_VARIABLE = YES;
				IPHONEOS_DEPLOYMENT_TARGET = 16.2;
				MTL_ENABLE_DEBUG_INFO = INCLUDE_SOURCE;
				MTL_FAST_MATH = YES;
				ONLY_ACTIVE_ARCH = YES;
				SDKROOT = iphoneos;
				SWIFT_ACTIVE_COMPILATION_CONDITIONS = DEBUG;
				SWIFT_OPTIMIZATION_LEVEL = "-Onone";
			};
			name = Debug;
		};
		F506F91329B217F700B728B4 /* Release */ = {
			isa = XCBuildConfiguration;
			buildSettings = {
				ALWAYS_SEARCH_USER_PATHS = NO;
				CLANG_ANALYZER_NONNULL = YES;
				CLANG_ANALYZER_NUMBER_OBJECT_CONVERSION = YES_AGGRESSIVE;
				CLANG_CXX_LANGUAGE_STANDARD = "gnu++20";
				CLANG_ENABLE_MODULES = YES;
				CLANG_ENABLE_OBJC_ARC = YES;
				CLANG_ENABLE_OBJC_WEAK = YES;
				CLANG_WARN_BLOCK_CAPTURE_AUTORELEASING = YES;
				CLANG_WARN_BOOL_CONVERSION = YES;
				CLANG_WARN_COMMA = YES;
				CLANG_WARN_CONSTANT_CONVERSION = YES;
				CLANG_WARN_DEPRECATED_OBJC_IMPLEMENTATIONS = YES;
				CLANG_WARN_DIRECT_OBJC_ISA_USAGE = YES_ERROR;
				CLANG_WARN_DOCUMENTATION_COMMENTS = YES;
				CLANG_WARN_EMPTY_BODY = YES;
				CLANG_WARN_ENUM_CONVERSION = YES;
				CLANG_WARN_INFINITE_RECURSION = YES;
				CLANG_WARN_INT_CONVERSION = YES;
				CLANG_WARN_NON_LITERAL_NULL_CONVERSION = YES;
				CLANG_WARN_OBJC_IMPLICIT_RETAIN_SELF = YES;
				CLANG_WARN_OBJC_LITERAL_CONVERSION = YES;
				CLANG_WARN_OBJC_ROOT_CLASS = YES_ERROR;
				CLANG_WARN_QUOTED_INCLUDE_IN_FRAMEWORK_HEADER = YES;
				CLANG_WARN_RANGE_LOOP_ANALYSIS = YES;
				CLANG_WARN_STRICT_PROTOTYPES = YES;
				CLANG_WARN_SUSPICIOUS_MOVE = YES;
				CLANG_WARN_UNGUARDED_AVAILABILITY = YES_AGGRESSIVE;
				CLANG_WARN_UNREACHABLE_CODE = YES;
				CLANG_WARN__DUPLICATE_METHOD_MATCH = YES;
				COPY_PHASE_STRIP = NO;
				DEBUG_INFORMATION_FORMAT = "dwarf-with-dsym";
				ENABLE_NS_ASSERTIONS = NO;
				ENABLE_STRICT_OBJC_MSGSEND = YES;
				GCC_C_LANGUAGE_STANDARD = gnu11;
				GCC_NO_COMMON_BLOCKS = YES;
				GCC_WARN_64_TO_32_BIT_CONVERSION = YES;
				GCC_WARN_ABOUT_RETURN_TYPE = YES_ERROR;
				GCC_WARN_UNDECLARED_SELECTOR = YES;
				GCC_WARN_UNINITIALIZED_AUTOS = YES_AGGRESSIVE;
				GCC_WARN_UNUSED_FUNCTION = YES;
				GCC_WARN_UNUSED_VARIABLE = YES;
				IPHONEOS_DEPLOYMENT_TARGET = 16.2;
				MTL_ENABLE_DEBUG_INFO = NO;
				MTL_FAST_MATH = YES;
				SDKROOT = iphoneos;
				SWIFT_COMPILATION_MODE = wholemodule;
				SWIFT_OPTIMIZATION_LEVEL = "-O";
				VALIDATE_PRODUCT = YES;
			};
			name = Release;
		};
		F506F91529B217F700B728B4 /* Debug */ = {
			isa = XCBuildConfiguration;
			buildSettings = {
				ASSETCATALOG_COMPILER_APPICON_NAME = AppIcon;
				ASSETCATALOG_COMPILER_GLOBAL_ACCENT_COLOR_NAME = AccentColor;
				CODE_SIGN_STYLE = Automatic;
				CURRENT_PROJECT_VERSION = 1;
				DEVELOPMENT_ASSET_PATHS = "\"CloudNegative/Preview Content\"";
				DEVELOPMENT_TEAM = 94M9FJ82WR;
				ENABLE_PREVIEWS = YES;
				GENERATE_INFOPLIST_FILE = YES;
				INFOPLIST_KEY_UIApplicationSceneManifest_Generation = YES;
				INFOPLIST_KEY_UIApplicationSupportsIndirectInputEvents = YES;
				INFOPLIST_KEY_UILaunchScreen_Generation = YES;
				INFOPLIST_KEY_UISupportedInterfaceOrientations_iPad = "UIInterfaceOrientationPortrait UIInterfaceOrientationPortraitUpsideDown UIInterfaceOrientationLandscapeLeft UIInterfaceOrientationLandscapeRight";
				INFOPLIST_KEY_UISupportedInterfaceOrientations_iPhone = "UIInterfaceOrientationPortrait UIInterfaceOrientationLandscapeLeft UIInterfaceOrientationLandscapeRight";
				IPHONEOS_DEPLOYMENT_TARGET = 16.0;
				LD_RUNPATH_SEARCH_PATHS = (
					"$(inherited)",
					"@executable_path/Frameworks",
				);
				MARKETING_VERSION = 1.0;
				PRODUCT_BUNDLE_IDENTIFIER = "ghp-okjizbZVvJfbYcR9Aff1wuNFG7FC8W44Xc8s.CloudNegative";
				PRODUCT_NAME = "$(TARGET_NAME)";
				SWIFT_EMIT_LOC_STRINGS = YES;
				SWIFT_VERSION = 5.0;
				TARGETED_DEVICE_FAMILY = "1,2";
			};
			name = Debug;
		};
		F506F91629B217F700B728B4 /* Release */ = {
			isa = XCBuildConfiguration;
			buildSettings = {
				ASSETCATALOG_COMPILER_APPICON_NAME = AppIcon;
				ASSETCATALOG_COMPILER_GLOBAL_ACCENT_COLOR_NAME = AccentColor;
				CODE_SIGN_STYLE = Automatic;
				CURRENT_PROJECT_VERSION = 1;
				DEVELOPMENT_ASSET_PATHS = "\"CloudNegative/Preview Content\"";
				DEVELOPMENT_TEAM = 94M9FJ82WR;
				ENABLE_PREVIEWS = YES;
				GENERATE_INFOPLIST_FILE = YES;
				INFOPLIST_KEY_UIApplicationSceneManifest_Generation = YES;
				INFOPLIST_KEY_UIApplicationSupportsIndirectInputEvents = YES;
				INFOPLIST_KEY_UILaunchScreen_Generation = YES;
				INFOPLIST_KEY_UISupportedInterfaceOrientations_iPad = "UIInterfaceOrientationPortrait UIInterfaceOrientationPortraitUpsideDown UIInterfaceOrientationLandscapeLeft UIInterfaceOrientationLandscapeRight";
				INFOPLIST_KEY_UISupportedInterfaceOrientations_iPhone = "UIInterfaceOrientationPortrait UIInterfaceOrientationLandscapeLeft UIInterfaceOrientationLandscapeRight";
				IPHONEOS_DEPLOYMENT_TARGET = 16.0;
				LD_RUNPATH_SEARCH_PATHS = (
					"$(inherited)",
					"@executable_path/Frameworks",
				);
				MARKETING_VERSION = 1.0;
				PRODUCT_BUNDLE_IDENTIFIER = "ghp-okjizbZVvJfbYcR9Aff1wuNFG7FC8W44Xc8s.CloudNegative";
				PRODUCT_NAME = "$(TARGET_NAME)";
				SWIFT_EMIT_LOC_STRINGS = YES;
				SWIFT_VERSION = 5.0;
				TARGETED_DEVICE_FAMILY = "1,2";
			};
			name = Release;
		};
		F506F91829B217F700B728B4 /* Debug */ = {
			isa = XCBuildConfiguration;
			buildSettings = {
				ALWAYS_EMBED_SWIFT_STANDARD_LIBRARIES = YES;
				BUNDLE_LOADER = "$(TEST_HOST)";
				CODE_SIGN_STYLE = Automatic;
				CURRENT_PROJECT_VERSION = 1;
				DEVELOPMENT_TEAM = 94M9FJ82WR;
				GENERATE_INFOPLIST_FILE = YES;
				IPHONEOS_DEPLOYMENT_TARGET = 16.2;
				MARKETING_VERSION = 1.0;
				PRODUCT_BUNDLE_IDENTIFIER = "ghp-okjizbZVvJfbYcR9Aff1wuNFG7FC8W44Xc8s.CloudNegativeTests";
				PRODUCT_NAME = "$(TARGET_NAME)";
				SWIFT_EMIT_LOC_STRINGS = NO;
				SWIFT_VERSION = 5.0;
				TARGETED_DEVICE_FAMILY = "1,2";
				TEST_HOST = "$(BUILT_PRODUCTS_DIR)/CloudNegative.app/$(BUNDLE_EXECUTABLE_FOLDER_PATH)/CloudNegative";
			};
			name = Debug;
		};
		F506F91929B217F700B728B4 /* Release */ = {
			isa = XCBuildConfiguration;
			buildSettings = {
				ALWAYS_EMBED_SWIFT_STANDARD_LIBRARIES = YES;
				BUNDLE_LOADER = "$(TEST_HOST)";
				CODE_SIGN_STYLE = Automatic;
				CURRENT_PROJECT_VERSION = 1;
				DEVELOPMENT_TEAM = 94M9FJ82WR;
				GENERATE_INFOPLIST_FILE = YES;
				IPHONEOS_DEPLOYMENT_TARGET = 16.2;
				MARKETING_VERSION = 1.0;
				PRODUCT_BUNDLE_IDENTIFIER = "ghp-okjizbZVvJfbYcR9Aff1wuNFG7FC8W44Xc8s.CloudNegativeTests";
				PRODUCT_NAME = "$(TARGET_NAME)";
				SWIFT_EMIT_LOC_STRINGS = NO;
				SWIFT_VERSION = 5.0;
				TARGETED_DEVICE_FAMILY = "1,2";
				TEST_HOST = "$(BUILT_PRODUCTS_DIR)/CloudNegative.app/$(BUNDLE_EXECUTABLE_FOLDER_PATH)/CloudNegative";
			};
			name = Release;
		};
		F506F91B29B217F700B728B4 /* Debug */ = {
			isa = XCBuildConfiguration;
			buildSettings = {
				ALWAYS_EMBED_SWIFT_STANDARD_LIBRARIES = YES;
				CODE_SIGN_STYLE = Automatic;
				CURRENT_PROJECT_VERSION = 1;
				DEVELOPMENT_TEAM = 94M9FJ82WR;
				GENERATE_INFOPLIST_FILE = YES;
				MARKETING_VERSION = 1.0;
				PRODUCT_BUNDLE_IDENTIFIER = "ghp-okjizbZVvJfbYcR9Aff1wuNFG7FC8W44Xc8s.CloudNegativeUITests";
				PRODUCT_NAME = "$(TARGET_NAME)";
				SWIFT_EMIT_LOC_STRINGS = NO;
				SWIFT_VERSION = 5.0;
				TARGETED_DEVICE_FAMILY = "1,2";
				TEST_TARGET_NAME = CloudNegative;
			};
			name = Debug;
		};
		F506F91C29B217F700B728B4 /* Release */ = {
			isa = XCBuildConfiguration;
			buildSettings = {
				ALWAYS_EMBED_SWIFT_STANDARD_LIBRARIES = YES;
				CODE_SIGN_STYLE = Automatic;
				CURRENT_PROJECT_VERSION = 1;
				DEVELOPMENT_TEAM = 94M9FJ82WR;
				GENERATE_INFOPLIST_FILE = YES;
				MARKETING_VERSION = 1.0;
				PRODUCT_BUNDLE_IDENTIFIER = "ghp-okjizbZVvJfbYcR9Aff1wuNFG7FC8W44Xc8s.CloudNegativeUITests";
				PRODUCT_NAME = "$(TARGET_NAME)";
				SWIFT_EMIT_LOC_STRINGS = NO;
				SWIFT_VERSION = 5.0;
				TARGETED_DEVICE_FAMILY = "1,2";
				TEST_TARGET_NAME = CloudNegative;
			};
			name = Release;
		};
/* End XCBuildConfiguration section */

/* Begin XCConfigurationList section */
		F506F8EB29B217F500B728B4 /* Build configuration list for PBXProject "CloudNegative" */ = {
			isa = XCConfigurationList;
			buildConfigurations = (
				F506F91229B217F700B728B4 /* Debug */,
				F506F91329B217F700B728B4 /* Release */,
			);
			defaultConfigurationIsVisible = 0;
			defaultConfigurationName = Release;
		};
		F506F91429B217F700B728B4 /* Build configuration list for PBXNativeTarget "CloudNegative" */ = {
			isa = XCConfigurationList;
			buildConfigurations = (
				F506F91529B217F700B728B4 /* Debug */,
				F506F91629B217F700B728B4 /* Release */,
			);
			defaultConfigurationIsVisible = 0;
			defaultConfigurationName = Release;
		};
		F506F91729B217F700B728B4 /* Build configuration list for PBXNativeTarget "CloudNegativeTests" */ = {
			isa = XCConfigurationList;
			buildConfigurations = (
				F506F91829B217F700B728B4 /* Debug */,
				F506F91929B217F700B728B4 /* Release */,
			);
			defaultConfigurationIsVisible = 0;
			defaultConfigurationName = Release;
		};
		F506F91A29B217F700B728B4 /* Build configuration list for PBXNativeTarget "CloudNegativeUITests" */ = {
			isa = XCConfigurationList;
			buildConfigurations = (
				F506F91B29B217F700B728B4 /* Debug */,
				F506F91C29B217F700B728B4 /* Release */,
			);
			defaultConfigurationIsVisible = 0;
			defaultConfigurationName = Release;
		};
/* End XCConfigurationList section */

/* Begin XCVersionGroup section */
		F53396E229BCD30B00017FA5 /* Cloud.xcdatamodeld */ = {
			isa = XCVersionGroup;
			children = (
				F53396E329BCD30B00017FA5 /* Model.xcdatamodel */,
			);
			currentVersion = F53396E329BCD30B00017FA5 /* Model.xcdatamodel */;
			path = Cloud.xcdatamodeld;
			sourceTree = "<group>";
			versionGroupType = wrapper.xcdatamodel;
		};
/* End XCVersionGroup section */
	};
	rootObject = F506F8E829B217F500B728B4 /* Project object */;
}
